// !$*UTF8*$!
{
	archiveVersion = 1;
	classes = {
	};
	objectVersion = 46;
	objects = {

/* Begin PBXBuildFile section */
		16435B351DF7110500C3E504 /* AppDelegate.swift in Sources */ = {isa = PBXBuildFile; fileRef = 16435B341DF7110500C3E504 /* AppDelegate.swift */; };
		16435B371DF7110500C3E504 /* ViewController.swift in Sources */ = {isa = PBXBuildFile; fileRef = 16435B361DF7110500C3E504 /* ViewController.swift */; };
		16435B3A1DF7110500C3E504 /* Main.storyboard in Resources */ = {isa = PBXBuildFile; fileRef = 16435B381DF7110500C3E504 /* Main.storyboard */; };
		16435B3C1DF7110500C3E504 /* Assets.xcassets in Resources */ = {isa = PBXBuildFile; fileRef = 16435B3B1DF7110500C3E504 /* Assets.xcassets */; };
		16435B3F1DF7110500C3E504 /* LaunchScreen.storyboard in Resources */ = {isa = PBXBuildFile; fileRef = 16435B3D1DF7110500C3E504 /* LaunchScreen.storyboard */; };
		16435B471DF7189700C3E504 /* Exercises.swift in Sources */ = {isa = PBXBuildFile; fileRef = 16435B461DF7189700C3E504 /* Exercises.swift */; };
		16435B491DF8286D00C3E504 /* QuestionController.swift in Sources */ = {isa = PBXBuildFile; fileRef = 16435B481DF8286D00C3E504 /* QuestionController.swift */; };
		16435B4B1DF8492100C3E504 /* CorrectController.swift in Sources */ = {isa = PBXBuildFile; fileRef = 16435B4A1DF8492100C3E504 /* CorrectController.swift */; };
		16435B4D1DF84D3900C3E504 /* IncorrectController.swift in Sources */ = {isa = PBXBuildFile; fileRef = 16435B4C1DF84D3900C3E504 /* IncorrectController.swift */; };
		16435B4F1DF8537A00C3E504 /* FinishedRoundController.swift in Sources */ = {isa = PBXBuildFile; fileRef = 16435B4E1DF8537A00C3E504 /* FinishedRoundController.swift */; };
		16435B511DF8659200C3E504 /* AnswerController.swift in Sources */ = {isa = PBXBuildFile; fileRef = 16435B501DF8659200C3E504 /* AnswerController.swift */; };
/* End PBXBuildFile section */

/* Begin PBXFileReference section */
		16435B311DF7110500C3E504 /* LittleCountingDrill.app */ = {isa = PBXFileReference; explicitFileType = wrapper.application; includeInIndex = 0; path = LittleCountingDrill.app; sourceTree = BUILT_PRODUCTS_DIR; };
		16435B341DF7110500C3E504 /* AppDelegate.swift */ = {isa = PBXFileReference; lastKnownFileType = sourcecode.swift; path = AppDelegate.swift; sourceTree = "<group>"; };
		16435B361DF7110500C3E504 /* ViewController.swift */ = {isa = PBXFileReference; lastKnownFileType = sourcecode.swift; path = ViewController.swift; sourceTree = "<group>"; };
		16435B391DF7110500C3E504 /* Base */ = {isa = PBXFileReference; lastKnownFileType = file.storyboard; name = Base; path = Base.lproj/Main.storyboard; sourceTree = "<group>"; };
		16435B3B1DF7110500C3E504 /* Assets.xcassets */ = {isa = PBXFileReference; lastKnownFileType = folder.assetcatalog; path = Assets.xcassets; sourceTree = "<group>"; };
		16435B3E1DF7110500C3E504 /* Base */ = {isa = PBXFileReference; lastKnownFileType = file.storyboard; name = Base; path = Base.lproj/LaunchScreen.storyboard; sourceTree = "<group>"; };
		16435B401DF7110500C3E504 /* Info.plist */ = {isa = PBXFileReference; lastKnownFileType = text.plist.xml; path = Info.plist; sourceTree = "<group>"; };
		16435B461DF7189700C3E504 /* Exercises.swift */ = {isa = PBXFileReference; fileEncoding = 4; lastKnownFileType = sourcecode.swift; path = Exercises.swift; sourceTree = "<group>"; };
		16435B481DF8286D00C3E504 /* QuestionController.swift */ = {isa = PBXFileReference; fileEncoding = 4; lastKnownFileType = sourcecode.swift; path = QuestionController.swift; sourceTree = "<group>"; };
		16435B4A1DF8492100C3E504 /* CorrectController.swift */ = {isa = PBXFileReference; fileEncoding = 4; lastKnownFileType = sourcecode.swift; path = CorrectController.swift; sourceTree = "<group>"; };
		16435B4C1DF84D3900C3E504 /* IncorrectController.swift */ = {isa = PBXFileReference; fileEncoding = 4; lastKnownFileType = sourcecode.swift; path = IncorrectController.swift; sourceTree = "<group>"; };
		16435B4E1DF8537A00C3E504 /* FinishedRoundController.swift */ = {isa = PBXFileReference; fileEncoding = 4; lastKnownFileType = sourcecode.swift; path = FinishedRoundController.swift; sourceTree = "<group>"; };
		16435B501DF8659200C3E504 /* AnswerController.swift */ = {isa = PBXFileReference; fileEncoding = 4; lastKnownFileType = sourcecode.swift; path = AnswerController.swift; sourceTree = "<group>"; };
/* End PBXFileReference section */

/* Begin PBXFrameworksBuildPhase section */
		16435B2E1DF7110500C3E504 /* Frameworks */ = {
			isa = PBXFrameworksBuildPhase;
			buildActionMask = 2147483647;
			files = (
			);
			runOnlyForDeploymentPostprocessing = 0;
		};
/* End PBXFrameworksBuildPhase section */

/* Begin PBXGroup section */
		16435B281DF7110500C3E504 = {
			isa = PBXGroup;
			children = (
				16435B331DF7110500C3E504 /* LittleCountingDrill */,
				16435B321DF7110500C3E504 /* Products */,
			);
			sourceTree = "<group>";
		};
		16435B321DF7110500C3E504 /* Products */ = {
			isa = PBXGroup;
			children = (
				16435B311DF7110500C3E504 /* LittleCountingDrill.app */,
			);
			name = Products;
			sourceTree = "<group>";
		};
		16435B331DF7110500C3E504 /* LittleCountingDrill */ = {
			isa = PBXGroup;
			children = (
				16435B461DF7189700C3E504 /* Exercises.swift */,
				16435B341DF7110500C3E504 /* AppDelegate.swift */,
				16435B361DF7110500C3E504 /* ViewController.swift */,
				16435B481DF8286D00C3E504 /* QuestionController.swift */,
				16435B501DF8659200C3E504 /* AnswerController.swift */,
				16435B4A1DF8492100C3E504 /* CorrectController.swift */,
				16435B4C1DF84D3900C3E504 /* IncorrectController.swift */,
				16435B4E1DF8537A00C3E504 /* FinishedRoundController.swift */,
				16435B381DF7110500C3E504 /* Main.storyboard */,
				16435B3B1DF7110500C3E504 /* Assets.xcassets */,
				16435B3D1DF7110500C3E504 /* LaunchScreen.storyboard */,
				16435B401DF7110500C3E504 /* Info.plist */,
			);
			path = LittleCountingDrill;
			sourceTree = "<group>";
		};
/* End PBXGroup section */

/* Begin PBXNativeTarget section */
		16435B301DF7110500C3E504 /* LittleCountingDrill */ = {
			isa = PBXNativeTarget;
			buildConfigurationList = 16435B431DF7110500C3E504 /* Build configuration list for PBXNativeTarget "LittleCountingDrill" */;
			buildPhases = (
				16435B2D1DF7110500C3E504 /* Sources */,
				16435B2E1DF7110500C3E504 /* Frameworks */,
				16435B2F1DF7110500C3E504 /* Resources */,
			);
			buildRules = (
			);
			dependencies = (
			);
			name = LittleCountingDrill;
			productName = LittleCountingDrill;
			productReference = 16435B311DF7110500C3E504 /* LittleCountingDrill.app */;
			productType = "com.apple.product-type.application";
		};
/* End PBXNativeTarget section */

/* Begin PBXProject section */
		16435B291DF7110500C3E504 /* Project object */ = {
			isa = PBXProject;
			attributes = {
				LastSwiftUpdateCheck = 0810;
				LastUpgradeCheck = 0810;
				ORGANIZATIONNAME = 414soft.com;
				TargetAttributes = {
					16435B301DF7110500C3E504 = {
						CreatedOnToolsVersion = 8.1;
						ProvisioningStyle = Automatic;
					};
				};
			};
			buildConfigurationList = 16435B2C1DF7110500C3E504 /* Build configuration list for PBXProject "LittleCountingDrill" */;
			compatibilityVersion = "Xcode 3.2";
			developmentRegion = English;
			hasScannedForEncodings = 0;
			knownRegions = (
				en,
				Base,
			);
			mainGroup = 16435B281DF7110500C3E504;
			productRefGroup = 16435B321DF7110500C3E504 /* Products */;
			projectDirPath = "";
			projectRoot = "";
			targets = (
				16435B301DF7110500C3E504 /* LittleCountingDrill */,
			);
		};
/* End PBXProject section */

/* Begin PBXResourcesBuildPhase section */
		16435B2F1DF7110500C3E504 /* Resources */ = {
			isa = PBXResourcesBuildPhase;
			buildActionMask = 2147483647;
			files = (
				16435B3F1DF7110500C3E504 /* LaunchScreen.storyboard in Resources */,
				16435B3C1DF7110500C3E504 /* Assets.xcassets in Resources */,
				16435B3A1DF7110500C3E504 /* Main.storyboard in Resources */,
			);
			runOnlyForDeploymentPostprocessing = 0;
		};
/* End PBXResourcesBuildPhase section */

/* Begin PBXSourcesBuildPhase section */
		16435B2D1DF7110500C3E504 /* Sources */ = {
			isa = PBXSourcesBuildPhase;
			buildActionMask = 2147483647;
			files = (
				16435B371DF7110500C3E504 /* ViewController.swift in Sources */,
				16435B4B1DF8492100C3E504 /* CorrectController.swift in Sources */,
				16435B471DF7189700C3E504 /* Exercises.swift in Sources */,
				16435B351DF7110500C3E504 /* AppDelegate.swift in Sources */,
				16435B491DF8286D00C3E504 /* QuestionController.swift in Sources */,
				16435B511DF8659200C3E504 /* AnswerController.swift in Sources */,
				16435B4F1DF8537A00C3E504 /* FinishedRoundController.swift in Sources */,
				16435B4D1DF84D3900C3E504 /* IncorrectController.swift in Sources */,
			);
			runOnlyForDeploymentPostprocessing = 0;
		};
/* End PBXSourcesBuildPhase section */

/* Begin PBXVariantGroup section */
		16435B381DF7110500C3E504 /* Main.storyboard */ = {
			isa = PBXVariantGroup;
			children = (
				16435B391DF7110500C3E504 /* Base */,
			);
			name = Main.storyboard;
			sourceTree = "<group>";
		};
		16435B3D1DF7110500C3E504 /* LaunchScreen.storyboard */ = {
			isa = PBXVariantGroup;
			children = (
				16435B3E1DF7110500C3E504 /* Base */,
			);
			name = LaunchScreen.storyboard;
			sourceTree = "<group>";
		};
/* End PBXVariantGroup section */

/* Begin XCBuildConfiguration section */
		16435B411DF7110500C3E504 /* Debug */ = {
			isa = XCBuildConfiguration;
			buildSettings = {
				ALWAYS_SEARCH_USER_PATHS = NO;
				CLANG_ANALYZER_NONNULL = YES;
				CLANG_CXX_LANGUAGE_STANDARD = "gnu++0x";
				CLANG_CXX_LIBRARY = "libc++";
				CLANG_ENABLE_MODULES = YES;
				CLANG_ENABLE_OBJC_ARC = YES;
				CLANG_WARN_BOOL_CONVERSION = YES;
				CLANG_WARN_CONSTANT_CONVERSION = YES;
				CLANG_WARN_DIRECT_OBJC_ISA_USAGE = YES_ERROR;
				CLANG_WARN_DOCUMENTATION_COMMENTS = YES;
				CLANG_WARN_EMPTY_BODY = YES;
				CLANG_WARN_ENUM_CONVERSION = YES;
				CLANG_WARN_INFINITE_RECURSION = YES;
				CLANG_WARN_INT_CONVERSION = YES;
				CLANG_WARN_OBJC_ROOT_CLASS = YES_ERROR;
				CLANG_WARN_SUSPICIOUS_MOVES = YES;
				CLANG_WARN_UNREACHABLE_CODE = YES;
				CLANG_WARN__DUPLICATE_METHOD_MATCH = YES;
				"CODE_SIGN_IDENTITY[sdk=iphoneos*]" = "iPhone Developer";
				COPY_PHASE_STRIP = NO;
				DEBUG_INFORMATION_FORMAT = dwarf;
				ENABLE_STRICT_OBJC_MSGSEND = YES;
				ENABLE_TESTABILITY = YES;
				GCC_C_LANGUAGE_STANDARD = gnu99;
				GCC_DYNAMIC_NO_PIC = NO;
				GCC_NO_COMMON_BLOCKS = YES;
				GCC_OPTIMIZATION_LEVEL = 0;
				GCC_PREPROCESSOR_DEFINITIONS = (
					"DEBUG=1",
					"$(inherited)",
				);
				GCC_WARN_64_TO_32_BIT_CONVERSION = YES;
				GCC_WARN_ABOUT_RETURN_TYPE = YES_ERROR;
				GCC_WARN_UNDECLARED_SELECTOR = YES;
				GCC_WARN_UNINITIALIZED_AUTOS = YES_AGGRESSIVE;
				GCC_WARN_UNUSED_FUNCTION = YES;
				GCC_WARN_UNUSED_VARIABLE = YES;
				IPHONEOS_DEPLOYMENT_TARGET = 10.1;
				MTL_ENABLE_DEBUG_INFO = YES;
				ONLY_ACTIVE_ARCH = YES;
				SDKROOT = iphoneos;
				SWIFT_ACTIVE_COMPILATION_CONDITIONS = DEBUG;
				SWIFT_OPTIMIZATION_LEVEL = "-Onone";
				TARGETED_DEVICE_FAMILY = "1,2";
			};
			name = Debug;
		};
		16435B421DF7110500C3E504 /* Release */ = {
			isa = XCBuildConfiguration;
			buildSettings = {
				ALWAYS_SEARCH_USER_PATHS = NO;
				CLANG_ANALYZER_NONNULL = YES;
				CLANG_CXX_LANGUAGE_STANDARD = "gnu++0x";
				CLANG_CXX_LIBRARY = "libc++";
				CLANG_ENABLE_MODULES = YES;
				CLANG_ENABLE_OBJC_ARC = YES;
				CLANG_WARN_BOOL_CONVERSION = YES;
				CLANG_WARN_CONSTANT_CONVERSION = YES;
				CLANG_WARN_DIRECT_OBJC_ISA_USAGE = YES_ERROR;
				CLANG_WARN_DOCUMENTATION_COMMENTS = YES;
				CLANG_WARN_EMPTY_BODY = YES;
				CLANG_WARN_ENUM_CONVERSION = YES;
				CLANG_WARN_INFINITE_RECURSION = YES;
				CLANG_WARN_INT_CONVERSION = YES;
				CLANG_WARN_OBJC_ROOT_CLASS = YES_ERROR;
				CLANG_WARN_SUSPICIOUS_MOVES = YES;
				CLANG_WARN_UNREACHABLE_CODE = YES;
				CLANG_WARN__DUPLICATE_METHOD_MATCH = YES;
				"CODE_SIGN_IDENTITY[sdk=iphoneos*]" = "iPhone Developer";
				COPY_PHASE_STRIP = NO;
				DEBUG_INFORMATION_FORMAT = "dwarf-with-dsym";
				ENABLE_NS_ASSERTIONS = NO;
				ENABLE_STRICT_OBJC_MSGSEND = YES;
				GCC_C_LANGUAGE_STANDARD = gnu99;
				GCC_NO_COMMON_BLOCKS = YES;
				GCC_WARN_64_TO_32_BIT_CONVERSION = YES;
				GCC_WARN_ABOUT_RETURN_TYPE = YES_ERROR;
				GCC_WARN_UNDECLARED_SELECTOR = YES;
				GCC_WARN_UNINITIALIZED_AUTOS = YES_AGGRESSIVE;
				GCC_WARN_UNUSED_FUNCTION = YES;
				GCC_WARN_UNUSED_VARIABLE = YES;
				IPHONEOS_DEPLOYMENT_TARGET = 10.1;
				MTL_ENABLE_DEBUG_INFO = NO;
				SDKROOT = iphoneos;
				SWIFT_OPTIMIZATION_LEVEL = "-Owholemodule";
				TARGETED_DEVICE_FAMILY = "1,2";
				VALIDATE_PRODUCT = YES;
			};
			name = Release;
		};
		16435B441DF7110500C3E504 /* Debug */ = {
			isa = XCBuildConfiguration;
			buildSettings = {
				ASSETCATALOG_COMPILER_APPICON_NAME = AppIcon;
				INFOPLIST_FILE = LittleCountingDrill/Info.plist;
				LD_RUNPATH_SEARCH_PATHS = "$(inherited) @executable_path/Frameworks";
				PRODUCT_BUNDLE_IDENTIFIER = com.414soft.LittleCountingDrill;
				PRODUCT_NAME = "$(TARGET_NAME)";
				SWIFT_VERSION = 3.0;
			};
			name = Debug;
		};
		16435B451DF7110500C3E504 /* Release */ = {
			isa = XCBuildConfiguration;
			buildSettings = {
				ASSETCATALOG_COMPILER_APPICON_NAME = AppIcon;
				INFOPLIST_FILE = LittleCountingDrill/Info.plist;
				LD_RUNPATH_SEARCH_PATHS = "$(inherited) @executable_path/Frameworks";
				PRODUCT_BUNDLE_IDENTIFIER = com.414soft.LittleCountingDrill;
				PRODUCT_NAME = "$(TARGET_NAME)";
				SWIFT_VERSION = 3.0;
			};
			name = Release;
		};
/* End XCBuildConfiguration section */

/* Begin XCConfigurationList section */
		16435B2C1DF7110500C3E504 /* Build configuration list for PBXProject "LittleCountingDrill" */ = {
			isa = XCConfigurationList;
			buildConfigurations = (
				16435B411DF7110500C3E504 /* Debug */,
				16435B421DF7110500C3E504 /* Release */,
			);
			defaultConfigurationIsVisible = 0;
			defaultConfigurationName = Release;
		};
		16435B431DF7110500C3E504 /* Build configuration list for PBXNativeTarget "LittleCountingDrill" */ = {
			isa = XCConfigurationList;
			buildConfigurations = (
				16435B441DF7110500C3E504 /* Debug */,
				16435B451DF7110500C3E504 /* Release */,
			);
			defaultConfigurationIsVisible = 0;
			defaultConfigurationName = Release;
		};
/* End XCConfigurationList section */
	};
	rootObject = 16435B291DF7110500C3E504 /* Project object */;
}
